{
    "_meta": {
        "hash": {
            "sha256": "3995dac936935b0a7fa273d19c82b19eefad4e7ca34e46d28a4b873965003e28"
        },
        "pipfile-spec": 6,
        "requires": {
            "python_version": "3.6"
        },
        "sources": [
            {
                "name": "pypi",
                "url": "https://pypi.python.org/simple",
                "verify_ssl": true
            }
        ]
    },
    "default": {
        "diff-match-patch": {
            "hashes": [
                "sha256:9dba5611fbf27893347349fd51cc1911cb403682a7163373adacc565d11e2e4c"
            ],
            "version": "==20121119"
        },
        "django": {
            "hashes": [
                "sha256:04f2e423f2e60943c02bd2959174b844f7d1bcd19eabb7f8e4282999958021fd",
                "sha256:e1cc1cd6b658aa4e052f5f2b148bfda08091d7c3558529708342e37e4e33f72c"
            ],
            "index": "pypi",
            "version": "==2.1.1"
        },
        "django-adminactions": {
            "hashes": [
                "sha256:15934cad0ee1ef198f715dc4c21599bc6add72ca667ba4118c4266d382ddd0e3"
            ],
            "index": "pypi",
            "version": "==1.5"
        },
        "django-ajax-selects": {
            "hashes": [
                "sha256:1f893b9b02834b6052645be090ffbdba4739ab0a9c25ca2111fdd755ca600fa9",
                "sha256:44911d0f553ee2482c34765924e68b8e984fdc1086e0a94a94f1807176f4f630"
            ],
            "index": "pypi",
            "version": "==1.7.1"
        },
        "django-ajax-upload-widget": {
            "hashes": [
                "sha256:559ec219cad196769f9d52a63c6189efc6a4c581f48ae1b372c3176f1674ff26"
            ],
            "index": "pypi",
            "version": "==0.5.5"
        },
        "django-authtools": {
            "hashes": [
                "sha256:9ced04f5b124625e6dfc2bb8e802b478d7707aa854f00a720c50fb2512bd33d5"
            ],
            "index": "pypi",
            "version": "==1.6.0"
        },
        "django-bootstrap3": {
            "hashes": [
                "sha256:593f98c0b84e26ab61ef9d81d3f7c3691f1d8492c9343b03e9feb9e8e9404e6a"
            ],
            "index": "pypi",
            "version": "==11.0.0"
        },
        "django-braces": {
            "hashes": [
                "sha256:a457d74ea29478123c0c4652272681b3cea0bf1232187fd9f9b6f1d97d32a890",
                "sha256:ba68e98b817c6f01d71d10849f359979617b3fe4cefb7f289adefddced092ddc"
            ],
            "index": "pypi",
            "version": "==1.13.0"
        },
        "django-crispy-forms": {
            "hashes": [
                "sha256:5952bab971110d0b86c278132dae0aa095beee8f723e625c3d3fa28888f1675f",
                "sha256:705ededc554ad8736157c666681165fe22ead2dec0d5446d65fc9dd976a5a876"
            ],
            "index": "pypi",
            "version": "==1.7.2"
        },
        "django-environ": {
            "hashes": [
                "sha256:6c9d87660142608f63ec7d5ce5564c49b603ea8ff25da595fd6098f6dc82afde",
                "sha256:c57b3c11ec1f319d9474e3e5a79134f40174b17c7cc024bbb2fad84646b120c4"
            ],
            "index": "pypi",
            "version": "==0.4.5"
        },
        "django-import-export": {
            "hashes": [
                "sha256:15d076086ec0af8ba4e70772b99cdf99b52ca1863328c6aaa91185010a1bb907",
                "sha256:7e049a44d65747db1a4eea4053d1f4cc9a1f137b256f932b144ddf5e617c08bd"
            ],
            "index": "pypi",
            "version": "==1.0.1"
        },
        "django-liststyle": {
            "hashes": [
                "sha256:183f46a662a91f2b3c2a999fd36a61f3d162e0b29b3140d0d1be9d632b2ebd48"
            ],
            "index": "pypi",
            "version": "==0.1"
        },
        "django-simple-history": {
            "hashes": [
                "sha256:426aead38ec1ee7911f8059dc6dcd9f3f375ffa15e11f5a4cd78222808040438",
                "sha256:7203979afd5a7acca09376b711abd58cd873e88f7892453abfc1322bc67a9603"
            ],
            "index": "pypi",
            "version": "==2.3.0"
        },
        "django-smart-selects": {
            "hashes": [
                "sha256:207025ebdbd66d2db94849e619e4898acba4544a334cff4a4541286afa36e300"
            ],
            "index": "pypi",
            "version": "==1.5.4"
        },
        "django-tinymce": {
            "hashes": [
                "sha256:a7594f342786834e4f6585334652c6a37f1e11ccbc3ea83ae76b9ff9b3cf590c",
                "sha256:ed1425aa370e20e8b84809feebc2cd42573790cfb74ad19a942affe8f13b9296"
            ],
            "index": "pypi",
            "version": "==2.7.0"
        },
        "easy-thumbnails": {
            "hashes": [
                "sha256:e244d1f26027fc32c6ca60ffb0169a39099446f614b0433e907a2588ae7d9b95"
            ],
            "index": "pypi",
            "version": "==2.5"
        },
        "et-xmlfile": {
            "hashes": [
                "sha256:614d9722d572f6246302c4491846d2c393c199cfa4edc9af593437691683335b"
            ],
            "version": "==1.0.1"
        },
        "html5lib": {
            "hashes": [
                "sha256:20b159aa3badc9d5ee8f5c647e5efd02ed2a66ab8d354930bd9ff139fc1dc0a3",
                "sha256:66cb0dcfdbbc4f9c3ba1a63fdb511ffdbd4f513b2b6d81b80cd26ce6b3fb3736"
            ],
            "version": "==1.0.1"
        },
        "jdcal": {
            "hashes": [
                "sha256:948fb8d079e63b4be7a69dd5f0cd618a0a57e80753de8248fd786a8a20658a07",
                "sha256:ea0a5067c5f0f50ad4c7bdc80abad3d976604f6fb026b0b3a17a9d84bb9046c9"
            ],
            "version": "==1.4"
        },
        "odfpy": {
            "hashes": [
                "sha256:6bcaf3b23aa9e49ed8c8c177266539b211add4e02402748a994451482a10cb1b"
            ],
            "version": "==1.3.6"
        },
        "openpyxl": {
            "hashes": [
                "sha256:d3da4d6a78077d6f9fb1a1ec12d4aa500f7caa4661b8528538503b24ed72d632"
            ],
            "version": "==2.5.7"
        },
        "pillow": {
            "hashes": [
                "sha256:00def5b638994f888d1058e4d17c86dec8e1113c3741a0a8a659039aec59a83a",
                "sha256:026449b64e559226cdb8e6d8c931b5965d8fc90ec18ebbb0baa04c5b36503c72",
                "sha256:03dbb224ee196ef30ed2156d41b579143e1efeb422974719a5392fc035e4f574",
                "sha256:03eb0e04f929c102ae24bc436bf1c0c60a4e63b07ebd388e84d8b219df3e6acd",
                "sha256:1be66b9a89e367e7d20d6cae419794997921fe105090fafd86ef39e20a3baab2",
                "sha256:1e977a3ed998a599bda5021fb2c2889060617627d3ae228297a529a082a3cd5c",
                "sha256:22cf3406d135cfcc13ec6228ade774c8461e125c940e80455f500638429be273",
                "sha256:24adccf1e834f82718c7fc8e3ec1093738da95144b8b1e44c99d5fc7d3e9c554",
                "sha256:2a3e362c97a5e6a259ee9cd66553292a1f8928a5bdfa3622fdb1501570834612",
                "sha256:3832e26ecbc9d8a500821e3a1d3765bda99d04ae29ffbb2efba49f5f788dc934",
                "sha256:4fd1f0c2dc02aaec729d91c92cd85a2df0289d88e9f68d1e8faba750bb9c4786",
                "sha256:4fda62030f2c515b6e2e673c57caa55cb04026a81968f3128aae10fc28e5cc27",
                "sha256:5044d75a68b49ce36a813c82d8201384207112d5d81643937fc758c05302f05b",
                "sha256:522184556921512ec484cb93bd84e0bab915d0ac5a372d49571c241a7f73db62",
                "sha256:5914cff11f3e920626da48e564be6818831713a3087586302444b9c70e8552d9",
                "sha256:6661a7908d68c4a133e03dac8178287aa20a99f841ea90beeb98a233ae3fd710",
                "sha256:79258a8df3e309a54c7ef2ef4a59bb8e28f7e4a8992a3ad17c24b1889ced44f3",
                "sha256:7d74c20b8f1c3e99d3f781d3b8ff5abfefdd7363d61e23bdeba9992ff32cc4b4",
                "sha256:81918afeafc16ba5d9d0d4e9445905f21aac969a4ebb6f2bff4b9886da100f4b",
                "sha256:8194d913ca1f459377c8a4ed8f9b7ad750068b8e0e3f3f9c6963fcc87a84515f",
                "sha256:84d5d31200b11b3c76fab853b89ac898bf2d05c8b3da07c1fcc23feb06359d6e",
                "sha256:989981db57abffb52026b114c9a1f114c7142860a6d30a352d28f8cbf186500b",
                "sha256:a3d7511d3fad1618a82299aab71a5fceee5c015653a77ffea75ced9ef917e71a",
                "sha256:b3ef168d4d6fd4fa6685aef7c91400f59f7ab1c0da734541f7031699741fb23f",
                "sha256:c1c5792b6e74bbf2af0f8e892272c2a6c48efa895903211f11b8342e03129fea",
                "sha256:c5dcb5a56aebb8a8f2585042b2f5c496d7624f0bcfe248f0cc33ceb2fd8d39e7",
                "sha256:e2bed4a04e2ca1050bb5f00865cf2f83c0b92fd62454d9244f690fcd842e27a4",
                "sha256:e87a527c06319428007e8c30511e1f0ce035cb7f14bb4793b003ed532c3b9333",
                "sha256:f63e420180cbe22ff6e32558b612e75f50616fc111c5e095a4631946c782e109",
                "sha256:f8b3d413c5a8f84b12cd4c5df1d8e211777c9852c6be3ee9c094b626644d3eab"
            ],
            "version": "==5.2.0"
        },
        "pypdf2": {
            "hashes": [
                "sha256:e28f902f2f0a1603ea95ebe21dff311ef09be3d0f0ef29a3e44a932729564385"
            ],
            "version": "==1.26.0"
        },
        "pytz": {
            "hashes": [
                "sha256:a061aa0a9e06881eb8b3b2b43f05b9439d6583c206d0a6c340ff72a7b6669053",
                "sha256:ffb9ef1de172603304d9d2819af6f5ece76f2e85ec10692a524dd876e72bf277"
            ],
            "version": "==2018.5"
        },
        "pyyaml": {
            "hashes": [
                "sha256:3d7da3009c0f3e783b2c873687652d83b1bbfd5c88e9813fb7e5b03c0dd3108b",
                "sha256:3ef3092145e9b70e3ddd2c7ad59bdd0252a94dfe3949721633e41344de00a6bf",
                "sha256:40c71b8e076d0550b2e6380bada1f1cd1017b882f7e16f09a65be98e017f211a",
                "sha256:558dd60b890ba8fd982e05941927a3911dc409a63dcb8b634feaa0cda69330d3",
                "sha256:a7c28b45d9f99102fa092bb213aa12e0aaf9a6a1f5e395d36166639c1f96c3a1",
                "sha256:aa7dd4a6a427aed7df6fb7f08a580d68d9b118d90310374716ae90b710280af1",
                "sha256:bc558586e6045763782014934bfaf39d48b8ae85a2713117d16c39864085c613",
                "sha256:d46d7982b62e0729ad0175a9bc7e10a566fc07b224d2c79fafb5e032727eaa04",
                "sha256:d5eef459e30b09f5a098b9cea68bebfeb268697f78d647bd255a085371ac7f3f",
                "sha256:e01d3203230e1786cd91ccfdc8f8454c8069c91bee3962ad93b87a4b2860f537",
                "sha256:e170a9e6fcfd19021dd29845af83bb79236068bf5fd4df3327c1be18182b2531"
            ],
            "version": "==3.13"
        },
        "reportlab": {
            "hashes": [
                "sha256:09fe0cfbf1ec98bae4c0a7076d102cff5efe064d080045164b0355cffd01afe2",
                "sha256:1e26e9816a5fe469ba933ef2370b91ce0494b609149a191b798cd71fe5273527",
                "sha256:269881cf626684acd48bd1bcace5fbe557be0059fdf9f120fba216a37bdee0ec",
                "sha256:3836a49e7ea7bce458f437cbc094633c7fd4ac027180565875c18ecc726f261e",
                "sha256:42ae1192f21006e26abe45ad6875bbaa2208f5d57f00d111f7b05b2f3f1dcb4e",
                "sha256:480452d3167ca65bde42bee971df14426697e4fc98ffeb3e039750d671f0a460",
                "sha256:527562fefddf810e7d01a4b47480cf68a8a2f591d24afd272e553360340e37a9",
                "sha256:533682d787b6f9cfaadebf6220d8a2f1b374ec7997e387fe11ec5e405726c791",
                "sha256:534bd357fb838f1dc12b3934b33a3754d586374e6615835218fa8e39db3c1b1e",
                "sha256:5351fbb0aecb5512657a993b8d8841a6213e9d206ad8021132bf16f7e82dc46a",
                "sha256:5361ace638a3102da5013907b7484cfb279d42dc79146fcf9711013507e98c82",
                "sha256:54ff1d3ed97b2a2771b392fb0bff2f73f7bf0b8b218d65b02ee1635a095d9891",
                "sha256:609f8f03aa5a89beb0d159218517c2d0f7c356fb1389e318acc7ab91af0cb0e5",
                "sha256:7121957a19af4679f8af970aa40c602665bda9a3c357398151f6f72900e831be",
                "sha256:755b2870ef53d907e824b1dae10d508d1dd869a73ebf80c35668cad402d67a73",
                "sha256:7a7fa0da8ef0742c2eed204e51fdc2d0f52fdb41df8e71b6855db0d4211d324d",
                "sha256:7e920402d932fba7e2eab751f8f396d6b0f55681ddc9314b97cffbc372d58f2d",
                "sha256:8cd2d2ecdeb72e8b0c294646dfe2b0135bede1b5b5864cd75c81b4f251d4f988",
                "sha256:946b3ab31b9fc02b9efea18e30b8e505e95e710648f5be997deff5eaa9bbc6fe",
                "sha256:9ab55dd38fef7a9e05bf0769b87b149d11d13746442162d6ae3fc20805728963",
                "sha256:a23c2af92b2a3a705be63da10ddeed0fb14d43fc4a6bdc777507b713163d55f4",
                "sha256:a45add774813b86d9e8ceb50bcd44f40b1811bf124e09bb62fe496b49031b25b",
                "sha256:a79dcda6c6a5bdaa2df94e3b544cb47503d6ca18104fc71bbceb0502e11af919",
                "sha256:b47c3994468278396ccb29a50af761eb494e9f7fab944dbf6c9b42c7fc55b62e",
                "sha256:c41326a6ec0c4196f0dceb8a312e94ae91816c7cba2d2015e6b6bad215b1ac48",
                "sha256:d5abccbf56d11b6cb289751eba0a31b1e9fed0c41f5e23f378ce7d21628d5fe6",
                "sha256:d63703281727ff2f5a997f4fbb8a57cf67208df4d9b2c78b7440c95e64ee5ed0",
                "sha256:f7240cece062e76b58e84a60b04701a010a7552a93a5ef7d85d4cb103deb216e"
            ],
            "markers": "python_version >= '2.7' and python_version != '3.2.*' and python_version != '3.3.*' and python_version != '3.0.*' and python_version != '3.1.*'",
            "version": "==3.5.6"
        },
        "six": {
            "hashes": [
                "sha256:70e8a77beed4562e7f14fe23a786b54f6296e34344c23bc42f07b15018ff98e9",
                "sha256:832dc0e10feb1aa2c68dcc57dbb658f1c7e65b9b61af69048abc87a2db00a0eb"
            ],
            "version": "==1.11.0"
        },
        "tablib": {
            "hashes": [
                "sha256:b8cf50a61d66655229993f2ee29220553fb2c80403479f8e6de77c0c24649d87"
            ],
            "version": "==0.12.1"
        },
        "unicodecsv": {
            "hashes": [
                "sha256:018c08037d48649a0412063ff4eda26eaa81eff1546dbffa51fa5293276ff7fc"
            ],
            "version": "==0.14.1"
        },
        "webencodings": {
            "hashes": [
                "sha256:a0af1213f3c2226497a97e2b3aa01a7e4bee4f403f95be16fc9acd2947514a78",
                "sha256:b36a1c245f2d304965eb4e0a82848379241dc04b865afcc4aab16748587e1923"
            ],
            "version": "==0.5.1"
        },
        "xhtml2pdf": {
            "hashes": [
                "sha256:86a37e78d7a8d8bb2761746c3d559e12284d92c4d531b3a8a0f8fd632b436f82"
            ],
            "index": "pypi",
            "version": "==0.2.3"
        },
        "xlrd": {
            "hashes": [
                "sha256:83a1d2f1091078fb3f65876753b5302c5cfb6a41de64b9587b74cefa75157148",
                "sha256:8a21885513e6d915fe33a8ee5fdfa675433b61405ba13e2a69e62ee36828d7e2"
            ],
            "version": "==1.1.0"
        },
        "xlwt": {
            "hashes": [
                "sha256:a082260524678ba48a297d922cc385f58278b8aa68741596a87de01a9c628b2e",
                "sha256:c59912717a9b28f1a3c2a98fd60741014b06b043936dcecbc113eaaada156c88"
            ],
            "version": "==1.3.0"
        }
    },
    "develop": {
        "django": {
            "hashes": [
                "sha256:04f2e423f2e60943c02bd2959174b844f7d1bcd19eabb7f8e4282999958021fd",
                "sha256:e1cc1cd6b658aa4e052f5f2b148bfda08091d7c3558529708342e37e4e33f72c"
            ],
            "index": "pypi",
            "version": "==2.1.1"
        },
        "django-debug-toolbar": {
            "hashes": [
                "sha256:08e0e43f6c1fd9820af4cbdcd54b5fb80bf83a2e08b2cc952547a671174999b8",
                "sha256:1dcae28d430522debafde2602b3450eb784410b78e16c29a00448032df2a4c90"
            ],
            "index": "pypi",
            "version": "==1.10.1"
        },
        "pytz": {
            "hashes": [
                "sha256:a061aa0a9e06881eb8b3b2b43f05b9439d6583c206d0a6c340ff72a7b6669053",
                "sha256:ffb9ef1de172603304d9d2819af6f5ece76f2e85ec10692a524dd876e72bf277"
            ],
            "version": "==2018.5"
        },
        "sqlparse": {
            "hashes": [
                "sha256:ce028444cfab83be538752a2ffdb56bc417b7784ff35bb9a3062413717807dec",
                "sha256:d9cf190f51cbb26da0412247dfe4fb5f4098edb73db84e02f9fc21fdca31fed4"
            ],
            "version": "==0.2.4"
        },
        "werkzeug": {
            "hashes": [
                "sha256:c3fd7a7d41976d9f44db327260e263132466836cef6f91512889ed60ad26557c",
                "sha256:d5da73735293558eb1651ee2fddc4d0dedcfa06538b8813a2e20011583c9e49b"
            ],
            "index": "pypi",
            "version": "==0.14.1"
        }
    }
}
